// !$*UTF8*$!
{
	archiveVersion = 1;
	classes = {
	};
	objectVersion = 46;
	objects = {

/* Begin PBXBuildFile section */
		42467C291CCF650000700903 /* main.m in Sources */ = {isa = PBXBuildFile; fileRef = 42467C281CCF650000700903 /* main.m */; };
		42467C2C1CCF650000700903 /* AppDelegate.m in Sources */ = {isa = PBXBuildFile; fileRef = 42467C2B1CCF650000700903 /* AppDelegate.m */; };
		42467C321CCF650000700903 /* Main.storyboard in Resources */ = {isa = PBXBuildFile; fileRef = 42467C301CCF650000700903 /* Main.storyboard */; };
		42467C341CCF650000700903 /* Assets.xcassets in Resources */ = {isa = PBXBuildFile; fileRef = 42467C331CCF650000700903 /* Assets.xcassets */; };
		42467C371CCF650000700903 /* LaunchScreen.storyboard in Resources */ = {isa = PBXBuildFile; fileRef = 42467C351CCF650000700903 /* LaunchScreen.storyboard */; };
		42467C421CCF650000700903 /* GraphKitTests.m in Sources */ = {isa = PBXBuildFile; fileRef = 42467C411CCF650000700903 /* GraphKitTests.m */; };
		42467C4D1CCF650000700903 /* GraphKitUITests.m in Sources */ = {isa = PBXBuildFile; fileRef = 42467C4C1CCF650000700903 /* GraphKitUITests.m */; };
		42467C5D1CCF66E700700903 /* AppCommon.m in Sources */ = {isa = PBXBuildFile; fileRef = 42467C5C1CCF66E700700903 /* AppCommon.m */; };
		42467C621CCF675800700903 /* LineGraph.m in Sources */ = {isa = PBXBuildFile; fileRef = 42467C611CCF675800700903 /* LineGraph.m */; };
		42467C681CCF6DF200700903 /* GraphData.m in Sources */ = {isa = PBXBuildFile; fileRef = 42467C671CCF6DF200700903 /* GraphData.m */; };
		42467C6A1CCF6EF500700903 /* CoreGraphics.framework in Frameworks */ = {isa = PBXBuildFile; fileRef = 42467C691CCF6EF500700903 /* CoreGraphics.framework */; };
		42467C6C1CCF6F0100700903 /* QuartzCore.framework in Frameworks */ = {isa = PBXBuildFile; fileRef = 42467C6B1CCF6F0100700903 /* QuartzCore.framework */; };
		42467C701CCF707200700903 /* GraphScale.m in Sources */ = {isa = PBXBuildFile; fileRef = 42467C6F1CCF707200700903 /* GraphScale.m */; };
		42467C9B1CD0D3D300700903 /* FirstViewController.m in Sources */ = {isa = PBXBuildFile; fileRef = 42467C9A1CD0D3D300700903 /* FirstViewController.m */; };
		42467C9E1CD757B500700903 /* SecondViewController.m in Sources */ = {isa = PBXBuildFile; fileRef = 42467C9D1CD757B500700903 /* SecondViewController.m */; };
		42467CA21CD757F600700903 /* BarGraph.m in Sources */ = {isa = PBXBuildFile; fileRef = 42467CA11CD757F600700903 /* BarGraph.m */; };
		429E48CA1CED82AB00A07946 /* UtilityFunctions.m in Sources */ = {isa = PBXBuildFile; fileRef = 429E48C91CED82AB00A07946 /* UtilityFunctions.m */; };
		429E48D21CEDF0D600A07946 /* ThirdViewController.m in Sources */ = {isa = PBXBuildFile; fileRef = 429E48D11CEDF0D600A07946 /* ThirdViewController.m */; };
		429E48D61CEDF15900A07946 /* PieGraphView.m in Sources */ = {isa = PBXBuildFile; fileRef = 429E48D51CEDF15900A07946 /* PieGraphView.m */; };
		42F582DE1CFFFBDD008088B8 /* PieSlice.m in Sources */ = {isa = PBXBuildFile; fileRef = 42F582DD1CFFFBDD008088B8 /* PieSlice.m */; };
		42F582E41D00082F008088B8 /* PieChart.m in Sources */ = {isa = PBXBuildFile; fileRef = 42F582E31D00082F008088B8 /* PieChart.m */; };
		42F582E71D006C97008088B8 /* FourthViewController.m in Sources */ = {isa = PBXBuildFile; fileRef = 42F582E61D006C97008088B8 /* FourthViewController.m */; };
		42F582EA1D006CCD008088B8 /* PieChartView.m in Sources */ = {isa = PBXBuildFile; fileRef = 42F582E91D006CCD008088B8 /* PieChartView.m */; };
/* End PBXBuildFile section */

/* Begin PBXContainerItemProxy section */
		42467C3E1CCF650000700903 /* PBXContainerItemProxy */ = {
			isa = PBXContainerItemProxy;
			containerPortal = 42467C1C1CCF650000700903 /* Project object */;
			proxyType = 1;
			remoteGlobalIDString = 42467C231CCF650000700903;
			remoteInfo = GraphKit;
		};
		42467C491CCF650000700903 /* PBXContainerItemProxy */ = {
			isa = PBXContainerItemProxy;
			containerPortal = 42467C1C1CCF650000700903 /* Project object */;
			proxyType = 1;
			remoteGlobalIDString = 42467C231CCF650000700903;
			remoteInfo = GraphKit;
		};
/* End PBXContainerItemProxy section */

/* Begin PBXFileReference section */
		42467C241CCF650000700903 /* GraphKit.app */ = {isa = PBXFileReference; explicitFileType = wrapper.application; includeInIndex = 0; path = GraphKit.app; sourceTree = BUILT_PRODUCTS_DIR; };
		42467C281CCF650000700903 /* main.m */ = {isa = PBXFileReference; lastKnownFileType = sourcecode.c.objc; path = main.m; sourceTree = "<group>"; };
		42467C2A1CCF650000700903 /* AppDelegate.h */ = {isa = PBXFileReference; lastKnownFileType = sourcecode.c.h; path = AppDelegate.h; sourceTree = "<group>"; };
		42467C2B1CCF650000700903 /* AppDelegate.m */ = {isa = PBXFileReference; lastKnownFileType = sourcecode.c.objc; path = AppDelegate.m; sourceTree = "<group>"; };
		42467C311CCF650000700903 /* Base */ = {isa = PBXFileReference; lastKnownFileType = file.storyboard; name = Base; path = Base.lproj/Main.storyboard; sourceTree = "<group>"; };
		42467C331CCF650000700903 /* Assets.xcassets */ = {isa = PBXFileReference; lastKnownFileType = folder.assetcatalog; path = Assets.xcassets; sourceTree = "<group>"; };
		42467C361CCF650000700903 /* Base */ = {isa = PBXFileReference; lastKnownFileType = file.storyboard; name = Base; path = Base.lproj/LaunchScreen.storyboard; sourceTree = "<group>"; };
		42467C381CCF650000700903 /* Info.plist */ = {isa = PBXFileReference; lastKnownFileType = text.plist.xml; path = Info.plist; sourceTree = "<group>"; };
		42467C3D1CCF650000700903 /* GraphKitTests.xctest */ = {isa = PBXFileReference; explicitFileType = wrapper.cfbundle; includeInIndex = 0; path = GraphKitTests.xctest; sourceTree = BUILT_PRODUCTS_DIR; };
		42467C411CCF650000700903 /* GraphKitTests.m */ = {isa = PBXFileReference; lastKnownFileType = sourcecode.c.objc; path = GraphKitTests.m; sourceTree = "<group>"; };
		42467C431CCF650000700903 /* Info.plist */ = {isa = PBXFileReference; lastKnownFileType = text.plist.xml; path = Info.plist; sourceTree = "<group>"; };
		42467C481CCF650000700903 /* GraphKitUITests.xctest */ = {isa = PBXFileReference; explicitFileType = wrapper.cfbundle; includeInIndex = 0; path = GraphKitUITests.xctest; sourceTree = BUILT_PRODUCTS_DIR; };
		42467C4C1CCF650000700903 /* GraphKitUITests.m */ = {isa = PBXFileReference; lastKnownFileType = sourcecode.c.objc; path = GraphKitUITests.m; sourceTree = "<group>"; };
		42467C4E1CCF650000700903 /* Info.plist */ = {isa = PBXFileReference; lastKnownFileType = text.plist.xml; path = Info.plist; sourceTree = "<group>"; };
		42467C5B1CCF66E700700903 /* AppCommon.h */ = {isa = PBXFileReference; fileEncoding = 4; lastKnownFileType = sourcecode.c.h; name = AppCommon.h; path = Utilities/AppCommon.h; sourceTree = "<group>"; };
		42467C5C1CCF66E700700903 /* AppCommon.m */ = {isa = PBXFileReference; fileEncoding = 4; lastKnownFileType = sourcecode.c.objc; name = AppCommon.m; path = Utilities/AppCommon.m; sourceTree = "<group>"; };
		42467C601CCF675800700903 /* LineGraph.h */ = {isa = PBXFileReference; fileEncoding = 4; lastKnownFileType = sourcecode.c.h; name = LineGraph.h; path = "Graphs/Line Graph/LineGraph.h"; sourceTree = "<group>"; };
		42467C611CCF675800700903 /* LineGraph.m */ = {isa = PBXFileReference; fileEncoding = 4; lastKnownFileType = sourcecode.c.objc; name = LineGraph.m; path = "Graphs/Line Graph/LineGraph.m"; sourceTree = "<group>"; };
		42467C661CCF6DF200700903 /* GraphData.h */ = {isa = PBXFileReference; fileEncoding = 4; lastKnownFileType = sourcecode.c.h; name = GraphData.h; path = "Data Source/GraphData.h"; sourceTree = "<group>"; };
		42467C671CCF6DF200700903 /* GraphData.m */ = {isa = PBXFileReference; fileEncoding = 4; lastKnownFileType = sourcecode.c.objc; name = GraphData.m; path = "Data Source/GraphData.m"; sourceTree = "<group>"; };
		42467C691CCF6EF500700903 /* CoreGraphics.framework */ = {isa = PBXFileReference; lastKnownFileType = wrapper.framework; name = CoreGraphics.framework; path = System/Library/Frameworks/CoreGraphics.framework; sourceTree = SDKROOT; };
		42467C6B1CCF6F0100700903 /* QuartzCore.framework */ = {isa = PBXFileReference; lastKnownFileType = wrapper.framework; name = QuartzCore.framework; path = System/Library/Frameworks/QuartzCore.framework; sourceTree = SDKROOT; };
		42467C6E1CCF707200700903 /* GraphScale.h */ = {isa = PBXFileReference; fileEncoding = 4; lastKnownFileType = sourcecode.c.h; name = GraphScale.h; path = "Data Source/GraphScale.h"; sourceTree = "<group>"; };
		42467C6F1CCF707200700903 /* GraphScale.m */ = {isa = PBXFileReference; fileEncoding = 4; lastKnownFileType = sourcecode.c.objc; name = GraphScale.m; path = "Data Source/GraphScale.m"; sourceTree = "<group>"; };
		42467C711CCF82C600700903 /* PrefixHeader.pch */ = {isa = PBXFileReference; fileEncoding = 4; lastKnownFileType = sourcecode.c.h; path = PrefixHeader.pch; sourceTree = "<group>"; };
		42467C731CCF834300700903 /* DesignSheet.h */ = {isa = PBXFileReference; fileEncoding = 4; lastKnownFileType = sourcecode.c.h; name = DesignSheet.h; path = Utilities/DesignSheet.h; sourceTree = "<group>"; };
		42467C991CD0D3D300700903 /* FirstViewController.h */ = {isa = PBXFileReference; fileEncoding = 4; lastKnownFileType = sourcecode.c.h; name = FirstViewController.h; path = "View Controllers/FirstViewController.h"; sourceTree = "<group>"; };
		42467C9A1CD0D3D300700903 /* FirstViewController.m */ = {isa = PBXFileReference; fileEncoding = 4; lastKnownFileType = sourcecode.c.objc; name = FirstViewController.m; path = "View Controllers/FirstViewController.m"; sourceTree = "<group>"; };
		42467C9C1CD757B500700903 /* SecondViewController.h */ = {isa = PBXFileReference; fileEncoding = 4; lastKnownFileType = sourcecode.c.h; name = SecondViewController.h; path = "View Controllers/SecondViewController.h"; sourceTree = "<group>"; };
		42467C9D1CD757B500700903 /* SecondViewController.m */ = {isa = PBXFileReference; fileEncoding = 4; lastKnownFileType = sourcecode.c.objc; name = SecondViewController.m; path = "View Controllers/SecondViewController.m"; sourceTree = "<group>"; };
		42467CA01CD757F600700903 /* BarGraph.h */ = {isa = PBXFileReference; fileEncoding = 4; lastKnownFileType = sourcecode.c.h; name = BarGraph.h; path = "Graphs/Bar Graph/BarGraph.h"; sourceTree = "<group>"; };
		42467CA11CD757F600700903 /* BarGraph.m */ = {isa = PBXFileReference; fileEncoding = 4; lastKnownFileType = sourcecode.c.objc; name = BarGraph.m; path = "Graphs/Bar Graph/BarGraph.m"; sourceTree = "<group>"; };
		429E48C41CECC74D00A07946 /* CommonHeaders.h */ = {isa = PBXFileReference; fileEncoding = 4; lastKnownFileType = sourcecode.c.h; name = CommonHeaders.h; path = Utilities/CommonHeaders.h; sourceTree = "<group>"; };
		429E48C81CED82AB00A07946 /* UtilityFunctions.h */ = {isa = PBXFileReference; fileEncoding = 4; lastKnownFileType = sourcecode.c.h; name = UtilityFunctions.h; path = Utilities/UtilityFunctions.h; sourceTree = "<group>"; };
		429E48C91CED82AB00A07946 /* UtilityFunctions.m */ = {isa = PBXFileReference; fileEncoding = 4; lastKnownFileType = sourcecode.c.objc; name = UtilityFunctions.m; path = Utilities/UtilityFunctions.m; sourceTree = "<group>"; };
		429E48D01CEDF0D600A07946 /* ThirdViewController.h */ = {isa = PBXFileReference; fileEncoding = 4; lastKnownFileType = sourcecode.c.h; name = ThirdViewController.h; path = "View Controllers/ThirdViewController.h"; sourceTree = "<group>"; };
		429E48D11CEDF0D600A07946 /* ThirdViewController.m */ = {isa = PBXFileReference; fileEncoding = 4; lastKnownFileType = sourcecode.c.objc; name = ThirdViewController.m; path = "View Controllers/ThirdViewController.m"; sourceTree = "<group>"; };
		429E48D41CEDF15900A07946 /* PieGraphView.h */ = {isa = PBXFileReference; fileEncoding = 4; lastKnownFileType = sourcecode.c.h; name = PieGraphView.h; path = "Graphs/Pie Graph/PieGraphView.h"; sourceTree = "<group>"; };
		429E48D51CEDF15900A07946 /* PieGraphView.m */ = {isa = PBXFileReference; fileEncoding = 4; lastKnownFileType = sourcecode.c.objc; name = PieGraphView.m; path = "Graphs/Pie Graph/PieGraphView.m"; sourceTree = "<group>"; };
		42F582DC1CFFFBDD008088B8 /* PieSlice.h */ = {isa = PBXFileReference; fileEncoding = 4; lastKnownFileType = sourcecode.c.h; name = PieSlice.h; path = "Graphs/Pie Graph/Animated Pie Chart/PieSlice.h"; sourceTree = "<group>"; };
		42F582DD1CFFFBDD008088B8 /* PieSlice.m */ = {isa = PBXFileReference; fileEncoding = 4; lastKnownFileType = sourcecode.c.objc; name = PieSlice.m; path = "Graphs/Pie Graph/Animated Pie Chart/PieSlice.m"; sourceTree = "<group>"; };
		42F582E21D00082F008088B8 /* PieChart.h */ = {isa = PBXFileReference; fileEncoding = 4; lastKnownFileType = sourcecode.c.h; name = PieChart.h; path = "Graphs/Pie Graph/Animated Pie Chart/PieChart.h"; sourceTree = "<group>"; };
		42F582E31D00082F008088B8 /* PieChart.m */ = {isa = PBXFileReference; fileEncoding = 4; lastKnownFileType = sourcecode.c.objc; name = PieChart.m; path = "Graphs/Pie Graph/Animated Pie Chart/PieChart.m"; sourceTree = "<group>"; };
		42F582E51D006C97008088B8 /* FourthViewController.h */ = {isa = PBXFileReference; fileEncoding = 4; lastKnownFileType = sourcecode.c.h; name = FourthViewController.h; path = "View Controllers/FourthViewController.h"; sourceTree = "<group>"; };
		42F582E61D006C97008088B8 /* FourthViewController.m */ = {isa = PBXFileReference; fileEncoding = 4; lastKnownFileType = sourcecode.c.objc; name = FourthViewController.m; path = "View Controllers/FourthViewController.m"; sourceTree = "<group>"; };
		42F582E81D006CCD008088B8 /* PieChartView.h */ = {isa = PBXFileReference; fileEncoding = 4; lastKnownFileType = sourcecode.c.h; name = PieChartView.h; path = "Graphs/Pie Graph/Animated Pie Chart/PieChartView.h"; sourceTree = "<group>"; };
		42F582E91D006CCD008088B8 /* PieChartView.m */ = {isa = PBXFileReference; fileEncoding = 4; lastKnownFileType = sourcecode.c.objc; name = PieChartView.m; path = "Graphs/Pie Graph/Animated Pie Chart/PieChartView.m"; sourceTree = "<group>"; };
/* End PBXFileReference section */

/* Begin PBXFrameworksBuildPhase section */
		42467C211CCF650000700903 /* Frameworks */ = {
			isa = PBXFrameworksBuildPhase;
			buildActionMask = 2147483647;
			files = (
				42467C6C1CCF6F0100700903 /* QuartzCore.framework in Frameworks */,
				42467C6A1CCF6EF500700903 /* CoreGraphics.framework in Frameworks */,
			);
			runOnlyForDeploymentPostprocessing = 0;
		};
		42467C3A1CCF650000700903 /* Frameworks */ = {
			isa = PBXFrameworksBuildPhase;
			buildActionMask = 2147483647;
			files = (
			);
			runOnlyForDeploymentPostprocessing = 0;
		};
		42467C451CCF650000700903 /* Frameworks */ = {
			isa = PBXFrameworksBuildPhase;
			buildActionMask = 2147483647;
			files = (
			);
			runOnlyForDeploymentPostprocessing = 0;
		};
/* End PBXFrameworksBuildPhase section */

/* Begin PBXGroup section */
		42467C1B1CCF650000700903 = {
			isa = PBXGroup;
			children = (
				42467C6D1CCF6F2300700903 /* Frameworks */,
				42467C261CCF650000700903 /* GraphKit */,
				42467C401CCF650000700903 /* GraphKitTests */,
				42467C4B1CCF650000700903 /* GraphKitUITests */,
				42467C251CCF650000700903 /* Products */,
			);
			sourceTree = "<group>";
		};
		42467C251CCF650000700903 /* Products */ = {
			isa = PBXGroup;
			children = (
				42467C241CCF650000700903 /* GraphKit.app */,
				42467C3D1CCF650000700903 /* GraphKitTests.xctest */,
				42467C481CCF650000700903 /* GraphKitUITests.xctest */,
			);
			name = Products;
			sourceTree = "<group>";
		};
		42467C261CCF650000700903 /* GraphKit */ = {
			isa = PBXGroup;
			children = (
				42467C981CD0D3A500700903 /* View Controllers */,
				42467C631CCF6D5D00700903 /* Data Source */,
				42467C5E1CCF66FA00700903 /* Graphs */,
				42467C5A1CCF663B00700903 /* Utilities */,
				42467C2A1CCF650000700903 /* AppDelegate.h */,
				42467C2B1CCF650000700903 /* AppDelegate.m */,
				42467C301CCF650000700903 /* Main.storyboard */,
				42467C331CCF650000700903 /* Assets.xcassets */,
				42467C351CCF650000700903 /* LaunchScreen.storyboard */,
				42467C381CCF650000700903 /* Info.plist */,
				42467C271CCF650000700903 /* Supporting Files */,
			);
			path = GraphKit;
			sourceTree = "<group>";
		};
		42467C271CCF650000700903 /* Supporting Files */ = {
			isa = PBXGroup;
			children = (
				42467C281CCF650000700903 /* main.m */,
				42467C711CCF82C600700903 /* PrefixHeader.pch */,
			);
			name = "Supporting Files";
			sourceTree = "<group>";
		};
		42467C401CCF650000700903 /* GraphKitTests */ = {
			isa = PBXGroup;
			children = (
				42467C411CCF650000700903 /* GraphKitTests.m */,
				42467C431CCF650000700903 /* Info.plist */,
			);
			path = GraphKitTests;
			sourceTree = "<group>";
		};
		42467C4B1CCF650000700903 /* GraphKitUITests */ = {
			isa = PBXGroup;
			children = (
				42467C4C1CCF650000700903 /* GraphKitUITests.m */,
				42467C4E1CCF650000700903 /* Info.plist */,
			);
			path = GraphKitUITests;
			sourceTree = "<group>";
		};
		42467C5A1CCF663B00700903 /* Utilities */ = {
			isa = PBXGroup;
			children = (
				42467C5B1CCF66E700700903 /* AppCommon.h */,
				42467C5C1CCF66E700700903 /* AppCommon.m */,
				42467C731CCF834300700903 /* DesignSheet.h */,
				429E48C41CECC74D00A07946 /* CommonHeaders.h */,
				429E48C81CED82AB00A07946 /* UtilityFunctions.h */,
				429E48C91CED82AB00A07946 /* UtilityFunctions.m */,
			);
			name = Utilities;
			sourceTree = "<group>";
		};
		42467C5E1CCF66FA00700903 /* Graphs */ = {
			isa = PBXGroup;
			children = (
				429E48D31CEDF13600A07946 /* Pie Graph */,
				42467C9F1CD757D400700903 /* Bar Graph */,
				42467C5F1CCF671700700903 /* Line Graph */,
			);
			name = Graphs;
			sourceTree = "<group>";
		};
		42467C5F1CCF671700700903 /* Line Graph */ = {
			isa = PBXGroup;
			children = (
				42467C601CCF675800700903 /* LineGraph.h */,
				42467C611CCF675800700903 /* LineGraph.m */,
			);
			name = "Line Graph";
			sourceTree = "<group>";
		};
		42467C631CCF6D5D00700903 /* Data Source */ = {
			isa = PBXGroup;
			children = (
				42467C661CCF6DF200700903 /* GraphData.h */,
				42467C671CCF6DF200700903 /* GraphData.m */,
				42467C6E1CCF707200700903 /* GraphScale.h */,
				42467C6F1CCF707200700903 /* GraphScale.m */,
			);
			name = "Data Source";
			sourceTree = "<group>";
		};
		42467C6D1CCF6F2300700903 /* Frameworks */ = {
			isa = PBXGroup;
			children = (
				42467C6B1CCF6F0100700903 /* QuartzCore.framework */,
				42467C691CCF6EF500700903 /* CoreGraphics.framework */,
			);
			name = Frameworks;
			sourceTree = "<group>";
		};
		42467C981CD0D3A500700903 /* View Controllers */ = {
			isa = PBXGroup;
			children = (
				42467C991CD0D3D300700903 /* FirstViewController.h */,
				42467C9A1CD0D3D300700903 /* FirstViewController.m */,
				42467C9C1CD757B500700903 /* SecondViewController.h */,
				42467C9D1CD757B500700903 /* SecondViewController.m */,
				429E48D01CEDF0D600A07946 /* ThirdViewController.h */,
				429E48D11CEDF0D600A07946 /* ThirdViewController.m */,
				42F582E51D006C97008088B8 /* FourthViewController.h */,
				42F582E61D006C97008088B8 /* FourthViewController.m */,
			);
			name = "View Controllers";
			sourceTree = "<group>";
		};
		42467C9F1CD757D400700903 /* Bar Graph */ = {
			isa = PBXGroup;
			children = (
				42467CA01CD757F600700903 /* BarGraph.h */,
				42467CA11CD757F600700903 /* BarGraph.m */,
			);
			name = "Bar Graph";
			sourceTree = "<group>";
		};
		429E48D31CEDF13600A07946 /* Pie Graph */ = {
			isa = PBXGroup;
			children = (
				429E48D41CEDF15900A07946 /* PieGraphView.h */,
				429E48D51CEDF15900A07946 /* PieGraphView.m */,
				42F582DB1CFFFB03008088B8 /* Animated Pie Chart */,
			);
			name = "Pie Graph";
			sourceTree = "<group>";
		};
		42F582DB1CFFFB03008088B8 /* Animated Pie Chart */ = {
			isa = PBXGroup;
			children = (
				42F582DC1CFFFBDD008088B8 /* PieSlice.h */,
				42F582DD1CFFFBDD008088B8 /* PieSlice.m */,
				42F582E21D00082F008088B8 /* PieChart.h */,
				42F582E31D00082F008088B8 /* PieChart.m */,
				42F582E81D006CCD008088B8 /* PieChartView.h */,
				42F582E91D006CCD008088B8 /* PieChartView.m */,
			);
			name = "Animated Pie Chart";
			sourceTree = "<group>";
		};
/* End PBXGroup section */

/* Begin PBXNativeTarget section */
		42467C231CCF650000700903 /* GraphKit */ = {
			isa = PBXNativeTarget;
			buildConfigurationList = 42467C511CCF650000700903 /* Build configuration list for PBXNativeTarget "GraphKit" */;
			buildPhases = (
				42467C201CCF650000700903 /* Sources */,
				42467C211CCF650000700903 /* Frameworks */,
				42467C221CCF650000700903 /* Resources */,
			);
			buildRules = (
			);
			dependencies = (
			);
			name = GraphKit;
			productName = GraphKit;
			productReference = 42467C241CCF650000700903 /* GraphKit.app */;
			productType = "com.apple.product-type.application";
		};
		42467C3C1CCF650000700903 /* GraphKitTests */ = {
			isa = PBXNativeTarget;
			buildConfigurationList = 42467C541CCF650000700903 /* Build configuration list for PBXNativeTarget "GraphKitTests" */;
			buildPhases = (
				42467C391CCF650000700903 /* Sources */,
				42467C3A1CCF650000700903 /* Frameworks */,
				42467C3B1CCF650000700903 /* Resources */,
			);
			buildRules = (
			);
			dependencies = (
				42467C3F1CCF650000700903 /* PBXTargetDependency */,
			);
			name = GraphKitTests;
			productName = GraphKitTests;
			productReference = 42467C3D1CCF650000700903 /* GraphKitTests.xctest */;
			productType = "com.apple.product-type.bundle.unit-test";
		};
		42467C471CCF650000700903 /* GraphKitUITests */ = {
			isa = PBXNativeTarget;
			buildConfigurationList = 42467C571CCF650000700903 /* Build configuration list for PBXNativeTarget "GraphKitUITests" */;
			buildPhases = (
				42467C441CCF650000700903 /* Sources */,
				42467C451CCF650000700903 /* Frameworks */,
				42467C461CCF650000700903 /* Resources */,
			);
			buildRules = (
			);
			dependencies = (
				42467C4A1CCF650000700903 /* PBXTargetDependency */,
			);
			name = GraphKitUITests;
			productName = GraphKitUITests;
			productReference = 42467C481CCF650000700903 /* GraphKitUITests.xctest */;
			productType = "com.apple.product-type.bundle.ui-testing";
		};
/* End PBXNativeTarget section */

/* Begin PBXProject section */
		42467C1C1CCF650000700903 /* Project object */ = {
			isa = PBXProject;
			attributes = {
				LastUpgradeCheck = 0730;
				ORGANIZATIONNAME = "Sunil Rao";
				TargetAttributes = {
					42467C231CCF650000700903 = {
						CreatedOnToolsVersion = 7.3;
					};
					42467C3C1CCF650000700903 = {
						CreatedOnToolsVersion = 7.3;
						TestTargetID = 42467C231CCF650000700903;
					};
					42467C471CCF650000700903 = {
						CreatedOnToolsVersion = 7.3;
						TestTargetID = 42467C231CCF650000700903;
					};
				};
			};
			buildConfigurationList = 42467C1F1CCF650000700903 /* Build configuration list for PBXProject "GraphKit" */;
			compatibilityVersion = "Xcode 3.2";
			developmentRegion = English;
			hasScannedForEncodings = 0;
			knownRegions = (
				en,
				Base,
			);
			mainGroup = 42467C1B1CCF650000700903;
			productRefGroup = 42467C251CCF650000700903 /* Products */;
			projectDirPath = "";
			projectRoot = "";
			targets = (
				42467C231CCF650000700903 /* GraphKit */,
				42467C3C1CCF650000700903 /* GraphKitTests */,
				42467C471CCF650000700903 /* GraphKitUITests */,
			);
		};
/* End PBXProject section */

/* Begin PBXResourcesBuildPhase section */
		42467C221CCF650000700903 /* Resources */ = {
			isa = PBXResourcesBuildPhase;
			buildActionMask = 2147483647;
			files = (
				42467C371CCF650000700903 /* LaunchScreen.storyboard in Resources */,
				42467C341CCF650000700903 /* Assets.xcassets in Resources */,
				42467C321CCF650000700903 /* Main.storyboard in Resources */,
			);
			runOnlyForDeploymentPostprocessing = 0;
		};
		42467C3B1CCF650000700903 /* Resources */ = {
			isa = PBXResourcesBuildPhase;
			buildActionMask = 2147483647;
			files = (
			);
			runOnlyForDeploymentPostprocessing = 0;
		};
		42467C461CCF650000700903 /* Resources */ = {
			isa = PBXResourcesBuildPhase;
			buildActionMask = 2147483647;
			files = (
			);
			runOnlyForDeploymentPostprocessing = 0;
		};
/* End PBXResourcesBuildPhase section */

/* Begin PBXSourcesBuildPhase section */
		42467C201CCF650000700903 /* Sources */ = {
			isa = PBXSourcesBuildPhase;
			buildActionMask = 2147483647;
			files = (
				429E48CA1CED82AB00A07946 /* UtilityFunctions.m in Sources */,
				42467C9E1CD757B500700903 /* SecondViewController.m in Sources */,
				42467C681CCF6DF200700903 /* GraphData.m in Sources */,
				42F582E41D00082F008088B8 /* PieChart.m in Sources */,
				42F582EA1D006CCD008088B8 /* PieChartView.m in Sources */,
				42467CA21CD757F600700903 /* BarGraph.m in Sources */,
				429E48D61CEDF15900A07946 /* PieGraphView.m in Sources */,
				42F582E71D006C97008088B8 /* FourthViewController.m in Sources */,
				42467C621CCF675800700903 /* LineGraph.m in Sources */,
				42F582DE1CFFFBDD008088B8 /* PieSlice.m in Sources */,
				429E48D21CEDF0D600A07946 /* ThirdViewController.m in Sources */,
				42467C5D1CCF66E700700903 /* AppCommon.m in Sources */,
				42467C2C1CCF650000700903 /* AppDelegate.m in Sources */,
				42467C701CCF707200700903 /* GraphScale.m in Sources */,
				42467C291CCF650000700903 /* main.m in Sources */,
				42467C9B1CD0D3D300700903 /* FirstViewController.m in Sources */,
			);
			runOnlyForDeploymentPostprocessing = 0;
		};
		42467C391CCF650000700903 /* Sources */ = {
			isa = PBXSourcesBuildPhase;
			buildActionMask = 2147483647;
			files = (
				42467C421CCF650000700903 /* GraphKitTests.m in Sources */,
			);
			runOnlyForDeploymentPostprocessing = 0;
		};
		42467C441CCF650000700903 /* Sources */ = {
			isa = PBXSourcesBuildPhase;
			buildActionMask = 2147483647;
			files = (
				42467C4D1CCF650000700903 /* GraphKitUITests.m in Sources */,
			);
			runOnlyForDeploymentPostprocessing = 0;
		};
/* End PBXSourcesBuildPhase section */

/* Begin PBXTargetDependency section */
		42467C3F1CCF650000700903 /* PBXTargetDependency */ = {
			isa = PBXTargetDependency;
			target = 42467C231CCF650000700903 /* GraphKit */;
			targetProxy = 42467C3E1CCF650000700903 /* PBXContainerItemProxy */;
		};
		42467C4A1CCF650000700903 /* PBXTargetDependency */ = {
			isa = PBXTargetDependency;
			target = 42467C231CCF650000700903 /* GraphKit */;
			targetProxy = 42467C491CCF650000700903 /* PBXContainerItemProxy */;
		};
/* End PBXTargetDependency section */

/* Begin PBXVariantGroup section */
		42467C301CCF650000700903 /* Main.storyboard */ = {
			isa = PBXVariantGroup;
			children = (
				42467C311CCF650000700903 /* Base */,
			);
			name = Main.storyboard;
			sourceTree = "<group>";
		};
		42467C351CCF650000700903 /* LaunchScreen.storyboard */ = {
			isa = PBXVariantGroup;
			children = (
				42467C361CCF650000700903 /* Base */,
			);
			name = LaunchScreen.storyboard;
			sourceTree = "<group>";
		};
/* End PBXVariantGroup section */

/* Begin XCBuildConfiguration section */
		42467C4F1CCF650000700903 /* Debug */ = {
			isa = XCBuildConfiguration;
			buildSettings = {
				ALWAYS_SEARCH_USER_PATHS = NO;
				CLANG_ANALYZER_NONNULL = YES;
				CLANG_CXX_LANGUAGE_STANDARD = "gnu++0x";
				CLANG_CXX_LIBRARY = "libc++";
				CLANG_ENABLE_MODULES = YES;
				CLANG_ENABLE_OBJC_ARC = YES;
				CLANG_WARN_BOOL_CONVERSION = YES;
				CLANG_WARN_CONSTANT_CONVERSION = YES;
				CLANG_WARN_DIRECT_OBJC_ISA_USAGE = YES_ERROR;
				CLANG_WARN_EMPTY_BODY = YES;
				CLANG_WARN_ENUM_CONVERSION = YES;
				CLANG_WARN_INT_CONVERSION = YES;
				CLANG_WARN_OBJC_ROOT_CLASS = YES_ERROR;
				CLANG_WARN_UNREACHABLE_CODE = YES;
				CLANG_WARN__DUPLICATE_METHOD_MATCH = YES;
				"CODE_SIGN_IDENTITY[sdk=iphoneos*]" = "iPhone Developer";
				COPY_PHASE_STRIP = NO;
				DEBUG_INFORMATION_FORMAT = dwarf;
				ENABLE_STRICT_OBJC_MSGSEND = YES;
				ENABLE_TESTABILITY = YES;
				GCC_C_LANGUAGE_STANDARD = gnu99;
				GCC_DYNAMIC_NO_PIC = NO;
				GCC_NO_COMMON_BLOCKS = YES;
				GCC_OPTIMIZATION_LEVEL = 0;
				GCC_PREPROCESSOR_DEFINITIONS = (
					"DEBUG=1",
					"$(inherited)",
				);
				GCC_WARN_64_TO_32_BIT_CONVERSION = YES;
				GCC_WARN_ABOUT_RETURN_TYPE = YES_ERROR;
				GCC_WARN_UNDECLARED_SELECTOR = YES;
				GCC_WARN_UNINITIALIZED_AUTOS = YES_AGGRESSIVE;
				GCC_WARN_UNUSED_FUNCTION = YES;
				GCC_WARN_UNUSED_VARIABLE = YES;
				IPHONEOS_DEPLOYMENT_TARGET = 9.3;
				MTL_ENABLE_DEBUG_INFO = YES;
				ONLY_ACTIVE_ARCH = YES;
				SDKROOT = iphoneos;
				TARGETED_DEVICE_FAMILY = "1,2";
			};
			name = Debug;
		};
		42467C501CCF650000700903 /* Release */ = {
			isa = XCBuildConfiguration;
			buildSettings = {
				ALWAYS_SEARCH_USER_PATHS = NO;
				CLANG_ANALYZER_NONNULL = YES;
				CLANG_CXX_LANGUAGE_STANDARD = "gnu++0x";
				CLANG_CXX_LIBRARY = "libc++";
				CLANG_ENABLE_MODULES = YES;
				CLANG_ENABLE_OBJC_ARC = YES;
				CLANG_WARN_BOOL_CONVERSION = YES;
				CLANG_WARN_CONSTANT_CONVERSION = YES;
				CLANG_WARN_DIRECT_OBJC_ISA_USAGE = YES_ERROR;
				CLANG_WARN_EMPTY_BODY = YES;
				CLANG_WARN_ENUM_CONVERSION = YES;
				CLANG_WARN_INT_CONVERSION = YES;
				CLANG_WARN_OBJC_ROOT_CLASS = YES_ERROR;
				CLANG_WARN_UNREACHABLE_CODE = YES;
				CLANG_WARN__DUPLICATE_METHOD_MATCH = YES;
				"CODE_SIGN_IDENTITY[sdk=iphoneos*]" = "iPhone Developer";
				COPY_PHASE_STRIP = NO;
				DEBUG_INFORMATION_FORMAT = "dwarf-with-dsym";
				ENABLE_NS_ASSERTIONS = NO;
				ENABLE_STRICT_OBJC_MSGSEND = YES;
				GCC_C_LANGUAGE_STANDARD = gnu99;
				GCC_NO_COMMON_BLOCKS = YES;
				GCC_WARN_64_TO_32_BIT_CONVERSION = YES;
				GCC_WARN_ABOUT_RETURN_TYPE = YES_ERROR;
				GCC_WARN_UNDECLARED_SELECTOR = YES;
				GCC_WARN_UNINITIALIZED_AUTOS = YES_AGGRESSIVE;
				GCC_WARN_UNUSED_FUNCTION = YES;
				GCC_WARN_UNUSED_VARIABLE = YES;
				IPHONEOS_DEPLOYMENT_TARGET = 9.3;
				MTL_ENABLE_DEBUG_INFO = NO;
				SDKROOT = iphoneos;
				TARGETED_DEVICE_FAMILY = "1,2";
				VALIDATE_PRODUCT = YES;
			};
			name = Release;
		};
		42467C521CCF650000700903 /* Debug */ = {
			isa = XCBuildConfiguration;
			buildSettings = {
				ASSETCATALOG_COMPILER_APPICON_NAME = AppIcon;
				GCC_PREFIX_HEADER = GraphKit/PrefixHeader.pch;
				INFOPLIST_FILE = GraphKit/Info.plist;
				LD_RUNPATH_SEARCH_PATHS = "$(inherited) @executable_path/Frameworks";
				PRODUCT_BUNDLE_IDENTIFIER = sunil.rzt.GraphKit;
				PRODUCT_NAME = "$(TARGET_NAME)";
			};
			name = Debug;
		};
		42467C531CCF650000700903 /* Release */ = {
			isa = XCBuildConfiguration;
			buildSettings = {
				ASSETCATALOG_COMPILER_APPICON_NAME = AppIcon;
				GCC_PREFIX_HEADER = GraphKit/PrefixHeader.pch;
				INFOPLIST_FILE = GraphKit/Info.plist;
				LD_RUNPATH_SEARCH_PATHS = "$(inherited) @executable_path/Frameworks";
				PRODUCT_BUNDLE_IDENTIFIER = sunil.rzt.GraphKit;
				PRODUCT_NAME = "$(TARGET_NAME)";
			};
			name = Release;
		};
		42467C551CCF650000700903 /* Debug */ = {
			isa = XCBuildConfiguration;
			buildSettings = {
				BUNDLE_LOADER = "$(TEST_HOST)";
				INFOPLIST_FILE = GraphKitTests/Info.plist;
				LD_RUNPATH_SEARCH_PATHS = "$(inherited) @executable_path/Frameworks @loader_path/Frameworks";
				PRODUCT_BUNDLE_IDENTIFIER = sunil.rzt.GraphKitTests;
				PRODUCT_NAME = "$(TARGET_NAME)";
				TEST_HOST = "$(BUILT_PRODUCTS_DIR)/GraphKit.app/GraphKit";
			};
			name = Debug;
		};
		42467C561CCF650000700903 /* Release */ = {
			isa = XCBuildConfiguration;
			buildSettings = {
				BUNDLE_LOADER = "$(TEST_HOST)";
				INFOPLIST_FILE = GraphKitTests/Info.plist;
				LD_RUNPATH_SEARCH_PATHS = "$(inherited) @executable_path/Frameworks @loader_path/Frameworks";
				PRODUCT_BUNDLE_IDENTIFIER = sunil.rzt.GraphKitTests;
				PRODUCT_NAME = "$(TARGET_NAME)";
				TEST_HOST = "$(BUILT_PRODUCTS_DIR)/GraphKit.app/GraphKit";
			};
			name = Release;
		};
		42467C581CCF650000700903 /* Debug */ = {
			isa = XCBuildConfiguration;
			buildSettings = {
				INFOPLIST_FILE = GraphKitUITests/Info.plist;
				LD_RUNPATH_SEARCH_PATHS = "$(inherited) @executable_path/Frameworks @loader_path/Frameworks";
				PRODUCT_BUNDLE_IDENTIFIER = sunil.rzt.GraphKitUITests;
				PRODUCT_NAME = "$(TARGET_NAME)";
				TEST_TARGET_NAME = GraphKit;
			};
			name = Debug;
		};
		42467C591CCF650000700903 /* Release */ = {
			isa = XCBuildConfiguration;
			buildSettings = {
				INFOPLIST_FILE = GraphKitUITests/Info.plist;
				LD_RUNPATH_SEARCH_PATHS = "$(inherited) @executable_path/Frameworks @loader_path/Frameworks";
				PRODUCT_BUNDLE_IDENTIFIER = sunil.rzt.GraphKitUITests;
				PRODUCT_NAME = "$(TARGET_NAME)";
				TEST_TARGET_NAME = GraphKit;
			};
			name = Release;
		};
/* End XCBuildConfiguration section */

/* Begin XCConfigurationList section */
		42467C1F1CCF650000700903 /* Build configuration list for PBXProject "GraphKit" */ = {
			isa = XCConfigurationList;
			buildConfigurations = (
				42467C4F1CCF650000700903 /* Debug */,
				42467C501CCF650000700903 /* Release */,
			);
			defaultConfigurationIsVisible = 0;
			defaultConfigurationName = Release;
		};
		42467C511CCF650000700903 /* Build configuration list for PBXNativeTarget "GraphKit" */ = {
			isa = XCConfigurationList;
			buildConfigurations = (
				42467C521CCF650000700903 /* Debug */,
				42467C531CCF650000700903 /* Release */,
			);
			defaultConfigurationIsVisible = 0;
			defaultConfigurationName = Release;
		};
		42467C541CCF650000700903 /* Build configuration list for PBXNativeTarget "GraphKitTests" */ = {
			isa = XCConfigurationList;
			buildConfigurations = (
				42467C551CCF650000700903 /* Debug */,
				42467C561CCF650000700903 /* Release */,
			);
			defaultConfigurationIsVisible = 0;
			defaultConfigurationName = Release;
		};
		42467C571CCF650000700903 /* Build configuration list for PBXNativeTarget "GraphKitUITests" */ = {
			isa = XCConfigurationList;
			buildConfigurations = (
				42467C581CCF650000700903 /* Debug */,
				42467C591CCF650000700903 /* Release */,
			);
			defaultConfigurationIsVisible = 0;
			defaultConfigurationName = Release;
		};
/* End XCConfigurationList section */
	};
	rootObject = 42467C1C1CCF650000700903 /* Project object */;
}
